{
  "name": "captains",
  "version": "1.0.1",
  "lockfileVersion": 1,
  "dependencies": {
    "abab": {
      "version": "1.0.3",
      "resolved": "http://10.97.113.14:4873/abab/-/abab-1.0.3.tgz",
      "integrity": "sha1-uB3l9ydOxOdW15fNg08wNkJyTl0=",
      "optional": true
    },
    "acorn": {
      "version": "2.7.0",
      "resolved": "http://10.97.113.14:4873/acorn/-/acorn-2.7.0.tgz",
      "integrity": "sha1-q259nYhqrKiwhbwzEreaGYQz8Oc="
    },
    "acorn-globals": {
      "version": "1.0.9",
      "resolved": "http://10.97.113.14:4873/acorn-globals/-/acorn-globals-1.0.9.tgz",
      "integrity": "sha1-VbtemGkVB7dFedBRNBMhfDgMVM8=",
      "optional": true
    },
    "ajv": {
      "version": "4.11.8",
      "resolved": "http://10.97.113.14:4873/ajv/-/ajv-4.11.8.tgz",
      "integrity": "sha1-gv+wKynmYq5TvcIK8VlHcGc5xTY="
    },
    "amdefine": {
      "version": "1.0.1",
      "resolved": "http://10.97.113.14:4873/amdefine/-/amdefine-1.0.1.tgz",
      "integrity": "sha1-SlKCrBZHKek2Gbz9OtFR+BfOkfU=",
      "optional": true
    },
    "asn1": {
      "version": "0.2.3",
      "resolved": "http://10.97.113.14:4873/asn1/-/asn1-0.2.3.tgz",
      "integrity": "sha1-2sh4dxPJlmhJ/IGAd36+nB3fO4Y="
    },
    "assert-plus": {
      "version": "0.2.0",
      "resolved": "http://10.97.113.14:4873/assert-plus/-/assert-plus-0.2.0.tgz",
      "integrity": "sha1-104bh+ev/A24qttwIfP+SBAasjQ="
    },
    "async": {
      "version": "2.5.0",
      "resolved": "http://10.97.113.14:4873/async/-/async-2.5.0.tgz",
      "integrity": "sha512-e+lJAJeNWuPCNyxZKOBdaJGyLGHugXVQtrAwtuAe2vhxTYxFTKE73p8JuTmdH0qdQZtDvI4dhJwjZc5zsfIsYw=="
    },
    "asynckit": {
      "version": "0.4.0",
      "resolved": "http://10.97.113.14:4873/asynckit/-/asynckit-0.4.0.tgz",
      "integrity": "sha1-x57Zf380y48robyXkLzDZkdLS3k="
    },
    "aws-sign2": {
      "version": "0.6.0",
      "resolved": "http://10.97.113.14:4873/aws-sign2/-/aws-sign2-0.6.0.tgz",
      "integrity": "sha1-FDQt0428yU0OW4fXY81jYSwOeU8="
    },
    "aws4": {
      "version": "1.6.0",
      "resolved": "http://10.97.113.14:4873/aws4/-/aws4-1.6.0.tgz",
      "integrity": "sha1-g+9cqGCysy5KDe7e6MdxudtXRx4="
    },
    "bcrypt-pbkdf": {
      "version": "1.0.1",
      "resolved": "http://10.97.113.14:4873/bcrypt-pbkdf/-/bcrypt-pbkdf-1.0.1.tgz",
      "integrity": "sha1-Y7xdy2EzG5K8Bf1SiVPDNGKgb40=",
      "optional": true
    },
    "boolbase": {
      "version": "1.0.0",
      "resolved": "http://10.97.113.14:4873/boolbase/-/boolbase-1.0.0.tgz",
      "integrity": "sha1-aN/1++YMUes3cl6p4+0xDcwed24="
    },
    "boom": {
      "version": "2.10.1",
      "resolved": "http://10.97.113.14:4873/boom/-/boom-2.10.1.tgz",
      "integrity": "sha1-OciRjO/1eZ+D+UkqhI9iWt0Mdm8="
    },
    "caseless": {
      "version": "0.12.0",
      "resolved": "http://10.97.113.14:4873/caseless/-/caseless-0.12.0.tgz",
      "integrity": "sha1-G2gcIf+EAzyCZUMJBolCDRhxUdw="
    },
    "cheerio": {
      "version": "0.20.0",
      "resolved": "http://10.97.113.14:4873/cheerio/-/cheerio-0.20.0.tgz",
      "integrity": "sha1-XHEPK6uVZTJyhCugHG6mGzVF7DU="
    },
    "co": {
      "version": "4.6.0",
      "resolved": "http://10.97.113.14:4873/co/-/co-4.6.0.tgz",
      "integrity": "sha1-bqa989hTrlTMuOR7+gvz+QMfsYQ="
    },
    "combined-stream": {
      "version": "1.0.5",
      "resolved": "http://10.97.113.14:4873/combined-stream/-/combined-stream-1.0.5.tgz",
      "integrity": "sha1-k4NwpXtKUd6ix3wV1cX9+JUWQAk="
    },
    "core-util-is": {
      "version": "1.0.2",
      "resolved": "http://10.97.113.14:4873/core-util-is/-/core-util-is-1.0.2.tgz",
      "integrity": "sha1-tf1UIgqivFq1eqtxQMlAdUUDwac="
    },
    "cryptiles": {
      "version": "2.0.5",
      "resolved": "http://10.97.113.14:4873/cryptiles/-/cryptiles-2.0.5.tgz",
      "integrity": "sha1-O9/s3GCBR8HGcgL6KR59ylnqo7g="
    },
    "css-select": {
      "version": "1.2.0",
      "resolved": "http://10.97.113.14:4873/css-select/-/css-select-1.2.0.tgz",
      "integrity": "sha1-KzoRBTnFNV8c2NMUYj6HCxIeyFg="
    },
    "css-what": {
      "version": "2.1.0",
      "resolved": "http://10.97.113.14:4873/css-what/-/css-what-2.1.0.tgz",
      "integrity": "sha1-lGfQMsOM+u+58teVASUwYvh/ob0="
    },
    "cssom": {
      "version": "0.3.2",
      "resolved": "http://10.97.113.14:4873/cssom/-/cssom-0.3.2.tgz",
      "integrity": "sha1-uANhcMefB6kP8vFuIihAJ6JDhIs="
    },
    "cssstyle": {
      "version": "0.2.37",
      "resolved": "http://10.97.113.14:4873/cssstyle/-/cssstyle-0.2.37.tgz",
      "integrity": "sha1-VBCXI0yyUTyDzu06zdwn/yeYfVQ=",
      "optional": true
    },
    "dashdash": {
      "version": "1.14.1",
      "resolved": "http://10.97.113.14:4873/dashdash/-/dashdash-1.14.1.tgz",
      "integrity": "sha1-hTz6D3y+L+1d4gMmuN1YEDX24vA=",
      "dependencies": {
        "assert-plus": {
          "version": "1.0.0",
          "resolved": "http://10.97.113.14:4873/assert-plus/-/assert-plus-1.0.0.tgz",
          "integrity": "sha1-8S4PPF13sLHN2RRpQuTpbB5N1SU="
        }
      }
    },
    "deep-is": {
      "version": "0.1.3",
      "resolved": "http://10.97.113.14:4873/deep-is/-/deep-is-0.1.3.tgz",
      "integrity": "sha1-s2nW+128E+7PUk+RsHD+7cNXzzQ=",
      "optional": true
    },
    "delayed-stream": {
      "version": "1.0.0",
      "resolved": "http://10.97.113.14:4873/delayed-stream/-/delayed-stream-1.0.0.tgz",
      "integrity": "sha1-3zrhmayt+31ECqrgsp4icrJOxhk="
    },
    "dom-serializer": {
      "version": "0.1.0",
      "resolved": "http://10.97.113.14:4873/dom-serializer/-/dom-serializer-0.1.0.tgz",
      "integrity": "sha1-BzxpdUbOB4DOI75KKOKT5AvDDII=",
      "dependencies": {
        "domelementtype": {
          "version": "1.1.3",
          "resolved": "http://10.97.113.14:4873/domelementtype/-/domelementtype-1.1.3.tgz",
          "integrity": "sha1-vSh3PiZCiBrsUVRJJCmcXNgiGFs="
        }
      }
    },
    "domelementtype": {
      "version": "1.3.0",
      "resolved": "http://10.97.113.14:4873/domelementtype/-/domelementtype-1.3.0.tgz",
      "integrity": "sha1-sXrtguirWeUt2cGbF1bg/BhyBMI="
    },
    "domhandler": {
      "version": "2.3.0",
      "resolved": "http://10.97.113.14:4873/domhandler/-/domhandler-2.3.0.tgz",
      "integrity": "sha1-LeWaCCLVAn+r/28DLCsloqir5zg="
    },
    "domutils": {
      "version": "1.5.1",
      "resolved": "http://10.97.113.14:4873/domutils/-/domutils-1.5.1.tgz",
      "integrity": "sha1-3NhIiib1Y9YQeeSMn3t+Mjc2gs8="
    },
    "ecc-jsbn": {
      "version": "0.1.1",
      "resolved": "http://10.97.113.14:4873/ecc-jsbn/-/ecc-jsbn-0.1.1.tgz",
      "integrity": "sha1-D8c6ntXw1Tw4GTOYUj735UN3dQU=",
      "optional": true
    },
    "entities": {
      "version": "1.1.1",
      "resolved": "http://10.97.113.14:4873/entities/-/entities-1.1.1.tgz",
      "integrity": "sha1-blwtClYhtdra7O+AuQ7ftc13cvA="
    },
    "escodegen": {
      "version": "1.8.1",
      "resolved": "http://10.97.113.14:4873/escodegen/-/escodegen-1.8.1.tgz",
      "integrity": "sha1-WltTr0aTEQvrsIZ6o0MN07cKEBg=",
      "optional": true
    },
    "esprima": {
      "version": "2.7.3",
      "resolved": "http://10.97.113.14:4873/esprima/-/esprima-2.7.3.tgz",
      "integrity": "sha1-luO3DVd59q1JzQMmc9HDEnZ7pYE=",
      "optional": true
    },
    "estraverse": {
      "version": "1.9.3",
      "resolved": "http://10.97.113.14:4873/estraverse/-/estraverse-1.9.3.tgz",
      "integrity": "sha1-r2fy3JIlgkFZUJJgkaQAXSnJu0Q=",
      "optional": true
    },
    "esutils": {
      "version": "2.0.2",
      "resolved": "http://10.97.113.14:4873/esutils/-/esutils-2.0.2.tgz",
      "integrity": "sha1-Cr9PHKpbyx96nYrMbepPqqBLrJs=",
      "optional": true
    },
    "extend": {
      "version": "3.0.1",
      "resolved": "http://10.97.113.14:4873/extend/-/extend-3.0.1.tgz",
      "integrity": "sha1-p1Xqe8Gt/MWjHOfnYtuq3F5jZEQ="
    },
    "extsprintf": {
      "version": "1.3.0",
      "resolved": "http://10.97.113.14:4873/extsprintf/-/extsprintf-1.3.0.tgz",
      "integrity": "sha1-lpGEQOMEGnpBT4xS48V06zw+HgU="
    },
    "fast-levenshtein": {
      "version": "2.0.6",
      "resolved": "http://10.97.113.14:4873/fast-levenshtein/-/fast-levenshtein-2.0.6.tgz",
      "integrity": "sha1-PYpcZog6FqMMqGQ+hR8Zuqd5eRc=",
      "optional": true
    },
    "forever-agent": {
      "version": "0.6.1",
      "resolved": "http://10.97.113.14:4873/forever-agent/-/forever-agent-0.6.1.tgz",
      "integrity": "sha1-+8cfDEGt6zf5bFd60e1C2P2sypE="
    },
    "form-data": {
      "version": "2.1.4",
      "resolved": "http://10.97.113.14:4873/form-data/-/form-data-2.1.4.tgz",
      "integrity": "sha1-M8GDrPGTJ27KqYFDpp6Uv+4XUNE="
    },
    "getpass": {
      "version": "0.1.7",
      "resolved": "http://10.97.113.14:4873/getpass/-/getpass-0.1.7.tgz",
      "integrity": "sha1-Xv+OPmhNVprkyysSgmBOi6YhSfo=",
      "dependencies": {
        "assert-plus": {
          "version": "1.0.0",
          "resolved": "http://10.97.113.14:4873/assert-plus/-/assert-plus-1.0.0.tgz",
          "integrity": "sha1-8S4PPF13sLHN2RRpQuTpbB5N1SU="
        }
      }
    },
    "har-schema": {
      "version": "1.0.5",
      "resolved": "http://10.97.113.14:4873/har-schema/-/har-schema-1.0.5.tgz",
      "integrity": "sha1-0mMTX0MwfALGAq/I/pWXDAFRNp4="
    },
    "har-validator": {
      "version": "4.2.1",
      "resolved": "http://10.97.113.14:4873/har-validator/-/har-validator-4.2.1.tgz",
      "integrity": "sha1-M0gdDxu/9gDdID11gSpqX7oALio="
    },
    "hawk": {
      "version": "3.1.3",
      "resolved": "http://10.97.113.14:4873/hawk/-/hawk-3.1.3.tgz",
      "integrity": "sha1-B4REvXwWQLD+VA0sm3PVlnjo4cQ="
    },
    "hoek": {
      "version": "2.16.3",
      "resolved": "http://10.97.113.14:4873/hoek/-/hoek-2.16.3.tgz",
      "integrity": "sha1-ILt0A9POo5jpHcRxCo/xuCdKJe0="
    },
    "htmlparser2": {
      "version": "3.8.3",
      "resolved": "http://10.97.113.14:4873/htmlparser2/-/htmlparser2-3.8.3.tgz",
      "integrity": "sha1-mWwosZFRaovoZQGn15dX5ccMEGg=",
      "dependencies": {
        "entities": {
          "version": "1.0.0",
          "resolved": "http://10.97.113.14:4873/entities/-/entities-1.0.0.tgz",
          "integrity": "sha1-sph6o4ITR/zeZCsk/fyeT7cSvyY="
        }
      }
    },
    "http-signature": {
      "version": "1.1.1",
      "resolved": "http://10.97.113.14:4873/http-signature/-/http-signature-1.1.1.tgz",
      "integrity": "sha1-33LiZwZs0Kxn+3at+OE0qPvPkb8="
    },
    "inherits": {
      "version": "2.0.3",
      "resolved": "http://10.97.113.14:4873/inherits/-/inherits-2.0.3.tgz",
      "integrity": "sha1-Yzwsg+PaQqUC9SRmAiSA9CCCYd4="
    },
    "is-typedarray": {
      "version": "1.0.0",
      "resolved": "http://10.97.113.14:4873/is-typedarray/-/is-typedarray-1.0.0.tgz",
      "integrity": "sha1-5HnICFjfDBsR3dppQPlgEfzaSpo="
    },
    "isarray": {
      "version": "0.0.1",
      "resolved": "http://10.97.113.14:4873/isarray/-/isarray-0.0.1.tgz",
      "integrity": "sha1-ihis/Kmo9Bd+Cav8YDiTmwXR7t8="
    },
    "isstream": {
      "version": "0.1.2",
      "resolved": "http://10.97.113.14:4873/isstream/-/isstream-0.1.2.tgz",
      "integrity": "sha1-R+Y/evVa+m+S4VAOaQ64uFKcCZo="
    },
    "jsbn": {
      "version": "0.1.1",
      "resolved": "http://10.97.113.14:4873/jsbn/-/jsbn-0.1.1.tgz",
      "integrity": "sha1-peZUwuWi3rXyAdls77yoDA7y9RM=",
      "optional": true
    },
    "jsdom": {
      "version": "7.2.2",
      "resolved": "http://10.97.113.14:4873/jsdom/-/jsdom-7.2.2.tgz",
      "integrity": "sha1-QLQCdwwr2iNGkJa+6Rq2deOx/G4=",
      "optional": true
    },
    "json-schema": {
      "version": "0.2.3",
      "resolved": "http://10.97.113.14:4873/json-schema/-/json-schema-0.2.3.tgz",
      "integrity": "sha1-tIDIkuWaLwWVTOcnvT8qTogvnhM="
    },
    "json-stable-stringify": {
      "version": "1.0.1",
      "resolved": "http://10.97.113.14:4873/json-stable-stringify/-/json-stable-stringify-1.0.1.tgz",
      "integrity": "sha1-mnWdOcXy/1A/1TAGRu1EX4jE+a8="
    },
    "json-stringify-safe": {
      "version": "5.0.1",
      "resolved": "http://10.97.113.14:4873/json-stringify-safe/-/json-stringify-safe-5.0.1.tgz",
      "integrity": "sha1-Epai1Y/UXxmg9s4B1lcB4sc1tus="
    },
    "jsonify": {
      "version": "0.0.0",
      "resolved": "http://10.97.113.14:4873/jsonify/-/jsonify-0.0.0.tgz",
      "integrity": "sha1-LHS27kHZPKUbe1qu6PUDYx0lKnM="
    },
    "jsprim": {
      "version": "1.4.1",
      "resolved": "http://10.97.113.14:4873/jsprim/-/jsprim-1.4.1.tgz",
      "integrity": "sha1-MT5mvB5cwG5Di8G3SZwuXFastqI=",
      "dependencies": {
        "assert-plus": {
          "version": "1.0.0",
          "resolved": "http://10.97.113.14:4873/assert-plus/-/assert-plus-1.0.0.tgz",
          "integrity": "sha1-8S4PPF13sLHN2RRpQuTpbB5N1SU="
        }
      }
    },
    "levn": {
      "version": "0.3.0",
      "resolved": "http://10.97.113.14:4873/levn/-/levn-0.3.0.tgz",
      "integrity": "sha1-OwmSTt+fCDwEkP3UwLxEIeBHZO4=",
      "optional": true
    },
    "lodash": {
      "version": "4.17.4",
      "resolved": "http://10.97.113.14:4873/lodash/-/lodash-4.17.4.tgz",
      "integrity": "sha1-eCA6TRwyiuHYbcpkYONptX9AVa4="
    },
    "mime-db": {
      "version": "1.29.0",
      "resolved": "http://10.97.113.14:4873/mime-db/-/mime-db-1.29.0.tgz",
      "integrity": "sha1-SNJtI1WJZRcErFkWygYAGRQmaHg="
    },
    "mime-types": {
      "version": "2.1.16",
      "resolved": "http://10.97.113.14:4873/mime-types/-/mime-types-2.1.16.tgz",
      "integrity": "sha1-K4WKUuXs1RbbiXrCvodIeDBpjiM="
    },
    "node-geocoder": {
      "version": "3.15.0",
      "resolved": "http://10.97.113.14:4873/node-geocoder/-/node-geocoder-3.15.0.tgz",
      "integrity": "sha1-RIUB0yGgUXeSsVr8QWtd5l6Eccs=",
      "dependencies": {
        "bluebird": {
          "version": "3.3.4",
          "resolved": "http://10.97.113.14:4873/bluebird/-/bluebird-3.3.4.tgz",
          "integrity": "sha1-94D+Q+GnplEPZ6vX0NeVM6QN3eY="
        },
        "request": {
          "version": "2.75.0",
          "resolved": "http://10.97.113.14:4873/request/-/request-2.75.0.tgz",
          "integrity": "sha1-0rgmiihtoT6qXQGt9dGMyQ9lfZM=",
          "dependencies": {
            "aws-sign2": {
              "version": "0.6.0",
              "resolved": "http://10.97.113.14:4873/aws-sign2/-/aws-sign2-0.6.0.tgz",
              "integrity": "sha1-FDQt0428yU0OW4fXY81jYSwOeU8="
            },
            "aws4": {
              "version": "1.5.0",
              "resolved": "http://10.97.113.14:4873/aws4/-/aws4-1.5.0.tgz",
              "integrity": "sha1-Cin/t5wxyecS7rCH6OemS0pW11U="
            },
            "bl": {
              "version": "1.1.2",
              "resolved": "https://registry.npmjs.org/bl/-/bl-1.1.2.tgz",
              "integrity": "sha1-/cqHGplxOqANGeO7ukHER4emU5g=",
              "dependencies": {
                "readable-stream": {
                  "version": "2.0.6",
                  "resolved": "http://10.97.113.14:4873/readable-stream/-/readable-stream-2.0.6.tgz",
                  "integrity": "sha1-j5A0HmilPMySh4jaz80Rs265t44=",
                  "dependencies": {
                    "core-util-is": {
                      "version": "1.0.2",
                      "resolved": "http://10.97.113.14:4873/core-util-is/-/core-util-is-1.0.2.tgz",
                      "integrity": "sha1-tf1UIgqivFq1eqtxQMlAdUUDwac="
                    },
                    "inherits": {
                      "version": "2.0.3",
                      "resolved": "http://10.97.113.14:4873/inherits/-/inherits-2.0.3.tgz",
                      "integrity": "sha1-Yzwsg+PaQqUC9SRmAiSA9CCCYd4="
                    },
                    "isarray": {
                      "version": "1.0.0",
                      "resolved": "http://10.97.113.14:4873/isarray/-/isarray-1.0.0.tgz",
                      "integrity": "sha1-u5NdSFgsuhaMBoNJV6VKPgcSTxE="
                    },
                    "process-nextick-args": {
                      "version": "1.0.7",
                      "resolved": "http://10.97.113.14:4873/process-nextick-args/-/process-nextick-args-1.0.7.tgz",
                      "integrity": "sha1-FQ4gt1ZZCtP5EJPyWk8q2L/zC6M="
                    },
                    "string_decoder": {
                      "version": "0.10.31",
                      "resolved": "http://10.97.113.14:4873/string_decoder/-/string_decoder-0.10.31.tgz",
                      "integrity": "sha1-YuIDvEF2bGwoyfyEMB2rHFMQ+pQ="
                    },
                    "util-deprecate": {
                      "version": "1.0.2",
                      "resolved": "http://10.97.113.14:4873/util-deprecate/-/util-deprecate-1.0.2.tgz",
                      "integrity": "sha1-RQ1Nyfpw3nMnYvvS1KKJgUGaDM8="
                    }
                  }
                }
              }
            },
            "caseless": {
              "version": "0.11.0",
              "resolved": "http://10.97.113.14:4873/caseless/-/caseless-0.11.0.tgz",
              "integrity": "sha1-cVuW6phBWTzDMGeSP17GDr2k99c="
            },
            "combined-stream": {
              "version": "1.0.5",
              "resolved": "http://10.97.113.14:4873/combined-stream/-/combined-stream-1.0.5.tgz",
              "integrity": "sha1-k4NwpXtKUd6ix3wV1cX9+JUWQAk=",
              "dependencies": {
                "delayed-stream": {
                  "version": "1.0.0",
                  "resolved": "http://10.97.113.14:4873/delayed-stream/-/delayed-stream-1.0.0.tgz",
                  "integrity": "sha1-3zrhmayt+31ECqrgsp4icrJOxhk="
                }
              }
            },
            "extend": {
              "version": "3.0.0",
              "resolved": "http://10.97.113.14:4873/extend/-/extend-3.0.0.tgz",
              "integrity": "sha1-WkdDU7nzNT3dgXbf03uRyDpG8dQ="
            },
            "forever-agent": {
              "version": "0.6.1",
              "resolved": "http://10.97.113.14:4873/forever-agent/-/forever-agent-0.6.1.tgz",
              "integrity": "sha1-+8cfDEGt6zf5bFd60e1C2P2sypE="
            },
            "form-data": {
              "version": "2.0.0",
              "resolved": "http://10.97.113.14:4873/form-data/-/form-data-2.0.0.tgz",
              "integrity": "sha1-bwrrrcxdoWwT4ezBETfYX5uIOyU=",
              "dependencies": {
                "asynckit": {
                  "version": "0.4.0",
                  "resolved": "http://10.97.113.14:4873/asynckit/-/asynckit-0.4.0.tgz",
                  "integrity": "sha1-x57Zf380y48robyXkLzDZkdLS3k="
                }
              }
            },
            "har-validator": {
              "version": "2.0.6",
              "resolved": "http://10.97.113.14:4873/har-validator/-/har-validator-2.0.6.tgz",
              "integrity": "sha1-zcvAgYgmWtEZtqWnyKtw7s+10n0=",
              "dependencies": {
                "chalk": {
                  "version": "1.1.3",
                  "resolved": "https://registry.npmjs.org/chalk/-/chalk-1.1.3.tgz",
                  "integrity": "sha1-qBFcVeSnAv5NFQq9OHKCKn4J/Jg=",
                  "dependencies": {
                    "ansi-styles": {
                      "version": "2.2.1",
                      "resolved": "https://registry.npmjs.org/ansi-styles/-/ansi-styles-2.2.1.tgz",
                      "integrity": "sha1-tDLdM1i2NM914eRmQ2gkBTPB3b4="
                    },
                    "escape-string-regexp": {
                      "version": "1.0.5",
                      "resolved": "http://10.97.113.14:4873/escape-string-regexp/-/escape-string-regexp-1.0.5.tgz",
                      "integrity": "sha1-G2HAViGQqN/2rjuyzwIAyhMLhtQ="
                    },
                    "has-ansi": {
                      "version": "2.0.0",
                      "resolved": "http://10.97.113.14:4873/has-ansi/-/has-ansi-2.0.0.tgz",
                      "integrity": "sha1-NPUEnOHs3ysGSa8+8k5F7TVBbZE=",
                      "dependencies": {
                        "ansi-regex": {
                          "version": "2.0.0",
                          "resolved": "http://10.97.113.14:4873/ansi-regex/-/ansi-regex-2.0.0.tgz",
                          "integrity": "sha1-xQYbbg74qBd15Q9dZhUb9r83EQc="
                        }
                      }
                    },
                    "strip-ansi": {
                      "version": "3.0.1",
                      "resolved": "http://10.97.113.14:4873/strip-ansi/-/strip-ansi-3.0.1.tgz",
                      "integrity": "sha1-ajhfuIU9lS1f8F0Oiq+UJ43GPc8=",
                      "dependencies": {
                        "ansi-regex": {
                          "version": "2.0.0",
                          "resolved": "http://10.97.113.14:4873/ansi-regex/-/ansi-regex-2.0.0.tgz",
                          "integrity": "sha1-xQYbbg74qBd15Q9dZhUb9r83EQc="
                        }
                      }
                    },
                    "supports-color": {
                      "version": "2.0.0",
                      "resolved": "http://10.97.113.14:4873/supports-color/-/supports-color-2.0.0.tgz",
                      "integrity": "sha1-U10EXOa2Nj+kARcIRimZXp3zJMc="
                    }
                  }
                },
                "commander": {
                  "version": "2.9.0",
                  "resolved": "http://10.97.113.14:4873/commander/-/commander-2.9.0.tgz",
                  "integrity": "sha1-nJkJQXbhIkDLItbFFGCYQA/g99Q=",
                  "dependencies": {
                    "graceful-readlink": {
                      "version": "1.0.1",
                      "resolved": "http://10.97.113.14:4873/graceful-readlink/-/graceful-readlink-1.0.1.tgz",
                      "integrity": "sha1-TK+tdrxi8C+gObL5Tpo906ORpyU="
                    }
                  }
                },
                "is-my-json-valid": {
                  "version": "2.15.0",
                  "resolved": "http://10.97.113.14:4873/is-my-json-valid/-/is-my-json-valid-2.15.0.tgz",
                  "integrity": "sha1-k27do8o8IR/ZjzstPgjaQ/eykVs=",
                  "dependencies": {
                    "generate-function": {
                      "version": "2.0.0",
                      "resolved": "http://10.97.113.14:4873/generate-function/-/generate-function-2.0.0.tgz",
                      "integrity": "sha1-aFj+fAlpt9TpCTM3ZHrHn2DfvnQ="
                    },
                    "generate-object-property": {
                      "version": "1.2.0",
                      "resolved": "http://10.97.113.14:4873/generate-object-property/-/generate-object-property-1.2.0.tgz",
                      "integrity": "sha1-nA4cQDCM6AT0eDYYuTf6iPmdUNA=",
                      "dependencies": {
                        "is-property": {
                          "version": "1.0.2",
                          "resolved": "http://10.97.113.14:4873/is-property/-/is-property-1.0.2.tgz",
                          "integrity": "sha1-V/4cTkhHTt1lsJkR8msc1Ald2oQ="
                        }
                      }
                    },
                    "jsonpointer": {
                      "version": "4.0.0",
                      "resolved": "http://10.97.113.14:4873/jsonpointer/-/jsonpointer-4.0.0.tgz",
                      "integrity": "sha1-ZmHhYdL8RF8Z+YQwIxNDci4fy9U="
                    },
                    "xtend": {
                      "version": "4.0.1",
                      "resolved": "http://10.97.113.14:4873/xtend/-/xtend-4.0.1.tgz",
                      "integrity": "sha1-pcbVMr5lbiPbgg77lDofBJmNY68="
                    }
                  }
                },
                "pinkie-promise": {
                  "version": "2.0.1",
                  "resolved": "http://10.97.113.14:4873/pinkie-promise/-/pinkie-promise-2.0.1.tgz",
                  "integrity": "sha1-ITXW36ejWMBprJsXh3YogihFD/o=",
                  "dependencies": {
                    "pinkie": {
                      "version": "2.0.4",
                      "resolved": "https://registry.npmjs.org/pinkie/-/pinkie-2.0.4.tgz",
                      "integrity": "sha1-clVrgM+g1IqXToDnckjoDtT3+HA="
                    }
                  }
                }
              }
            },
            "hawk": {
              "version": "3.1.3",
              "resolved": "http://10.97.113.14:4873/hawk/-/hawk-3.1.3.tgz",
              "integrity": "sha1-B4REvXwWQLD+VA0sm3PVlnjo4cQ=",
              "dependencies": {
                "boom": {
                  "version": "2.10.1",
                  "resolved": "http://10.97.113.14:4873/boom/-/boom-2.10.1.tgz",
                  "integrity": "sha1-OciRjO/1eZ+D+UkqhI9iWt0Mdm8="
                },
                "cryptiles": {
                  "version": "2.0.5",
                  "resolved": "http://10.97.113.14:4873/cryptiles/-/cryptiles-2.0.5.tgz",
                  "integrity": "sha1-O9/s3GCBR8HGcgL6KR59ylnqo7g="
                },
                "hoek": {
                  "version": "2.16.3",
                  "resolved": "http://10.97.113.14:4873/hoek/-/hoek-2.16.3.tgz",
                  "integrity": "sha1-ILt0A9POo5jpHcRxCo/xuCdKJe0="
                },
                "sntp": {
                  "version": "1.0.9",
                  "resolved": "http://10.97.113.14:4873/sntp/-/sntp-1.0.9.tgz",
                  "integrity": "sha1-ZUEYTMkK7qbG57NeJlkIJEPGYZg="
                }
              }
            },
            "http-signature": {
              "version": "1.1.1",
              "resolved": "http://10.97.113.14:4873/http-signature/-/http-signature-1.1.1.tgz",
              "integrity": "sha1-33LiZwZs0Kxn+3at+OE0qPvPkb8=",
              "dependencies": {
                "assert-plus": {
                  "version": "0.2.0",
                  "resolved": "http://10.97.113.14:4873/assert-plus/-/assert-plus-0.2.0.tgz",
                  "integrity": "sha1-104bh+ev/A24qttwIfP+SBAasjQ="
                },
                "jsprim": {
                  "version": "1.3.1",
                  "resolved": "http://10.97.113.14:4873/jsprim/-/jsprim-1.3.1.tgz",
                  "integrity": "sha1-KnJW9wQSop7jZwqspiWZTE3P8lI=",
                  "dependencies": {
                    "extsprintf": {
                      "version": "1.0.2",
                      "resolved": "http://10.97.113.14:4873/extsprintf/-/extsprintf-1.0.2.tgz",
                      "integrity": "sha1-4QgOBljjALBilJkMxw4VAiNf1VA="
                    },
                    "json-schema": {
                      "version": "0.2.3",
                      "resolved": "http://10.97.113.14:4873/json-schema/-/json-schema-0.2.3.tgz",
                      "integrity": "sha1-tIDIkuWaLwWVTOcnvT8qTogvnhM="
                    },
                    "verror": {
                      "version": "1.3.6",
                      "resolved": "http://10.97.113.14:4873/verror/-/verror-1.3.6.tgz",
                      "integrity": "sha1-z/XfEpRtKX0rqu+qJoniW+AcAFw="
                    }
                  }
                },
                "sshpk": {
                  "version": "1.10.1",
                  "resolved": "http://10.97.113.14:4873/sshpk/-/sshpk-1.10.1.tgz",
                  "integrity": "sha1-MOGl0ykkSXShr2FREznVla9mOLA=",
                  "dependencies": {
                    "asn1": {
                      "version": "0.2.3",
                      "resolved": "http://10.97.113.14:4873/asn1/-/asn1-0.2.3.tgz",
                      "integrity": "sha1-2sh4dxPJlmhJ/IGAd36+nB3fO4Y="
                    },
                    "assert-plus": {
                      "version": "1.0.0",
                      "resolved": "http://10.97.113.14:4873/assert-plus/-/assert-plus-1.0.0.tgz",
                      "integrity": "sha1-8S4PPF13sLHN2RRpQuTpbB5N1SU="
                    },
                    "bcrypt-pbkdf": {
                      "version": "1.0.0",
                      "resolved": "http://10.97.113.14:4873/bcrypt-pbkdf/-/bcrypt-pbkdf-1.0.0.tgz",
                      "integrity": "sha1-PKdrhSQccXC/fZcD57mqdGMAQNQ=",
                      "optional": true
                    },
                    "dashdash": {
                      "version": "1.14.0",
                      "resolved": "http://10.97.113.14:4873/dashdash/-/dashdash-1.14.0.tgz",
                      "integrity": "sha1-KeSGxUGL8PNWA0qZPVFoajPoQUE="
                    },
                    "ecc-jsbn": {
                      "version": "0.1.1",
                      "resolved": "http://10.97.113.14:4873/ecc-jsbn/-/ecc-jsbn-0.1.1.tgz",
                      "integrity": "sha1-D8c6ntXw1Tw4GTOYUj735UN3dQU=",
                      "optional": true
                    },
                    "getpass": {
                      "version": "0.1.6",
                      "resolved": "http://10.97.113.14:4873/getpass/-/getpass-0.1.6.tgz",
                      "integrity": "sha1-KD/9n8ElaECHUxHBtg6MQBhxEOY="
                    },
                    "jodid25519": {
                      "version": "1.0.2",
                      "resolved": "http://10.97.113.14:4873/jodid25519/-/jodid25519-1.0.2.tgz",
                      "integrity": "sha1-BtSRIlUJNBlHfUJWM2BuDpB4KWc=",
                      "optional": true
                    },
                    "jsbn": {
                      "version": "0.1.0",
                      "resolved": "http://10.97.113.14:4873/jsbn/-/jsbn-0.1.0.tgz",
                      "integrity": "sha1-ZQmH2g3XT06/WhE3eiqi0nPpff0=",
                      "optional": true
                    },
                    "tweetnacl": {
                      "version": "0.14.3",
                      "resolved": "https://registry.npmjs.org/tweetnacl/-/tweetnacl-0.14.3.tgz",
                      "integrity": "sha1-PaOC9nDyXe1417PReSEZvKC3Ey0=",
                      "optional": true
                    }
                  }
                }
              }
            },
            "is-typedarray": {
              "version": "1.0.0",
              "resolved": "http://10.97.113.14:4873/is-typedarray/-/is-typedarray-1.0.0.tgz",
              "integrity": "sha1-5HnICFjfDBsR3dppQPlgEfzaSpo="
            },
            "isstream": {
              "version": "0.1.2",
              "resolved": "http://10.97.113.14:4873/isstream/-/isstream-0.1.2.tgz",
              "integrity": "sha1-R+Y/evVa+m+S4VAOaQ64uFKcCZo="
            },
            "json-stringify-safe": {
              "version": "5.0.1",
              "resolved": "http://10.97.113.14:4873/json-stringify-safe/-/json-stringify-safe-5.0.1.tgz",
              "integrity": "sha1-Epai1Y/UXxmg9s4B1lcB4sc1tus="
            },
            "mime-types": {
              "version": "2.1.12",
              "resolved": "http://10.97.113.14:4873/mime-types/-/mime-types-2.1.12.tgz",
              "integrity": "sha1-FSuiVndwIN1GY/VMLnvCY4HnFyk=",
              "dependencies": {
                "mime-db": {
                  "version": "1.24.0",
                  "resolved": "http://10.97.113.14:4873/mime-db/-/mime-db-1.24.0.tgz",
                  "integrity": "sha1-4tE/k58AFsbk6a0lqGUvEmxGfww="
                }
              }
            },
            "node-uuid": {
              "version": "1.4.7",
              "resolved": "http://10.97.113.14:4873/node-uuid/-/node-uuid-1.4.7.tgz",
              "integrity": "sha1-baWhdmjEs91ZYjvaEc9/pMH2Cm8="
            },
            "oauth-sign": {
              "version": "0.8.2",
              "resolved": "http://10.97.113.14:4873/oauth-sign/-/oauth-sign-0.8.2.tgz",
              "integrity": "sha1-Rqarfwrq2N6unsBWV4C31O/rnUM="
            },
            "qs": {
              "version": "6.2.1",
              "resolved": "http://10.97.113.14:4873/qs/-/qs-6.2.1.tgz",
              "integrity": "sha1-zgPF/wk1vB2daanxTL0Y5WjWdiU="
            },
            "stringstream": {
              "version": "0.0.5",
              "resolved": "http://10.97.113.14:4873/stringstream/-/stringstream-0.0.5.tgz",
              "integrity": "sha1-TkhM1N5aC7vuGORjB3EKioFiGHg="
            },
            "tough-cookie": {
              "version": "2.3.1",
              "resolved": "http://10.97.113.14:4873/tough-cookie/-/tough-cookie-2.3.1.tgz",
              "integrity": "sha1-mcd9+7fYBCSeiimdTLD9gf7wg/0="
            },
            "tunnel-agent": {
              "version": "0.4.3",
              "resolved": "http://10.97.113.14:4873/tunnel-agent/-/tunnel-agent-0.4.3.tgz",
              "integrity": "sha1-Y3PbdpCf5XDgjXNYM2Xtgop07us="
            }
          }
        },
        "request-promise": {
          "version": "4.1.1",
          "resolved": "http://10.97.113.14:4873/request-promise/-/request-promise-4.1.1.tgz",
          "integrity": "sha1-JgIeT29W/Uwwn2vx69jJepWsH7U=",
          "dependencies": {
            "bluebird": {
              "version": "3.4.6",
              "resolved": "http://10.97.113.14:4873/bluebird/-/bluebird-3.4.6.tgz",
              "integrity": "sha1-AdqNgh2HgT0ViWfnQ9X+bGLPjA8="
            },
            "request-promise-core": {
              "version": "1.1.1",
              "resolved": "http://10.97.113.14:4873/request-promise-core/-/request-promise-core-1.1.1.tgz",
              "integrity": "sha1-Pu4AssWqgyOc+wTFcA2jb4HNCLY=",
              "dependencies": {
                "lodash": {
                  "version": "4.16.4",
                  "resolved": "http://10.97.113.14:4873/lodash/-/lodash-4.16.4.tgz",
                  "integrity": "sha1-Ac4wa5utExnypVKGdPiCl663ASc="
                }
              }
            },
            "stealthy-require": {
              "version": "1.0.0",
              "resolved": "http://10.97.113.14:4873/stealthy-require/-/stealthy-require-1.0.0.tgz",
              "integrity": "sha1-Go7Y/BmotWJo929aGj44MrDCYgA="
            }
          }
        }
      }
    },
    "node-open-geocoder": {
      "version": "1.2.1",
      "resolved": "http://10.97.113.14:4873/node-open-geocoder/-/node-open-geocoder-1.2.1.tgz",
      "integrity": "sha1-J4xQNj4MqkkrXZ3vZKJkbsSw14g=",
      "dependencies": {
        "event-stream": {
          "version": "3.3.4",
          "resolved": "http://10.97.113.14:4873/event-stream/-/event-stream-3.3.4.tgz",
          "integrity": "sha1-SrTJoPWlTbkzi0w02Gv86PSzVXE=",
          "dependencies": {
            "duplexer": {
              "version": "0.1.1",
              "resolved": "http://10.97.113.14:4873/duplexer/-/duplexer-0.1.1.tgz",
              "integrity": "sha1-rOb/gIwc5mtX0ev5eXessCM0z8E="
            },
            "from": {
              "version": "0.1.3",
              "resolved": "http://10.97.113.14:4873/from/-/from-0.1.3.tgz",
              "integrity": "sha1-72OsIGKsMqz3hi4NQLRLiW8i87w="
            },
            "map-stream": {
              "version": "0.1.0",
              "resolved": "http://10.97.113.14:4873/map-stream/-/map-stream-0.1.0.tgz",
              "integrity": "sha1-5WqpTEyAVaFkBKBnS3jyFffI4ZQ="
            },
            "pause-stream": {
              "version": "0.0.11",
              "resolved": "http://10.97.113.14:4873/pause-stream/-/pause-stream-0.0.11.tgz",
              "integrity": "sha1-/lo0sMvOErWqaitAPuLnO2AvFEU="
            },
            "split": {
              "version": "0.3.3",
              "resolved": "http://10.97.113.14:4873/split/-/split-0.3.3.tgz",
              "integrity": "sha1-zQ7qXmOiEd//frDwkcQTPi0N0o8="
            },
            "stream-combiner": {
              "version": "0.0.4",
              "resolved": "http://10.97.113.14:4873/stream-combiner/-/stream-combiner-0.0.4.tgz",
              "integrity": "sha1-TV5DPBhSYd3mI8o/RMWGvPXErRQ="
            },
            "through": {
              "version": "2.3.8",
              "resolved": "http://10.97.113.14:4873/through/-/through-2.3.8.tgz",
              "integrity": "sha1-DdTJ/6q8NXlgsbckEV1+Doai4fU="
            }
          }
        }
      }
    },
    "nth-check": {
      "version": "1.0.1",
      "resolved": "http://10.97.113.14:4873/nth-check/-/nth-check-1.0.1.tgz",
      "integrity": "sha1-mSms32KPwsQQmN6rgqxYDPFJquQ="
    },
    "nwmatcher": {
      "version": "1.4.1",
      "resolved": "http://10.97.113.14:4873/nwmatcher/-/nwmatcher-1.4.1.tgz",
      "integrity": "sha1-eumwew6oBNt+JfBctf5Al9TklJ8=",
      "optional": true
    },
    "oauth-sign": {
      "version": "0.8.2",
      "resolved": "http://10.97.113.14:4873/oauth-sign/-/oauth-sign-0.8.2.tgz",
      "integrity": "sha1-Rqarfwrq2N6unsBWV4C31O/rnUM="
    },
    "optionator": {
      "version": "0.8.2",
      "resolved": "http://10.97.113.14:4873/optionator/-/optionator-0.8.2.tgz",
      "integrity": "sha1-NkxeQJ0/TWMB1sC0wFu6UBgK62Q=",
      "optional": true
    },
    "parse5": {
      "version": "1.5.1",
      "resolved": "http://10.97.113.14:4873/parse5/-/parse5-1.5.1.tgz",
      "integrity": "sha1-m387DeMr543CQBsXVzzK8Pb1nZQ=",
      "optional": true
    },
    "performance-now": {
      "version": "0.2.0",
      "resolved": "http://10.97.113.14:4873/performance-now/-/performance-now-0.2.0.tgz",
      "integrity": "sha1-M+8wxcd9TqIcWlOGnZG1bY8lVeU="
    },
    "prelude-ls": {
      "version": "1.1.2",
      "resolved": "http://10.97.113.14:4873/prelude-ls/-/prelude-ls-1.1.2.tgz",
      "integrity": "sha1-IZMqVJ9eUv/ZqCf1cOBL5iqX2lQ="
    },
    "punycode": {
      "version": "1.4.1",
      "resolved": "http://10.97.113.14:4873/punycode/-/punycode-1.4.1.tgz",
      "integrity": "sha1-wNWmOycYgArY4esPpSachN1BhF4="
    },
    "qs": {
      "version": "6.4.0",
      "resolved": "http://10.97.113.14:4873/qs/-/qs-6.4.0.tgz",
      "integrity": "sha1-E+JtKK1rD/qpExLNO/cI7TUecjM="
    },
    "readable-stream": {
      "version": "1.1.14",
      "resolved": "http://10.97.113.14:4873/readable-stream/-/readable-stream-1.1.14.tgz",
      "integrity": "sha1-fPTFTvZI44EwhMY23SB54WbAgdk="
    },
    "request": {
      "version": "2.81.0",
      "resolved": "http://10.97.113.14:4873/request/-/request-2.81.0.tgz",
      "integrity": "sha1-xpKJRqDgbF+Nb4qTM0af/aRimKA="
    },
    "safe-buffer": {
      "version": "5.1.1",
      "resolved": "http://10.97.113.14:4873/safe-buffer/-/safe-buffer-5.1.1.tgz",
      "integrity": "sha512-kKvNJn6Mm93gAczWVJg7wH+wGYWNrDHdWvpUmHyEsgCtIwwo3bqPtV4tR5tuPaUhTOo/kvhVwd8XwwOllGYkbg=="
    },
    "sax": {
      "version": "1.2.4",
      "resolved": "http://10.97.113.14:4873/sax/-/sax-1.2.4.tgz",
      "integrity": "sha512-NqVDv9TpANUjFm0N8uM5GxL36UgKi9/atZw+x7YFnQ8ckwFGKrl4xX4yWtrey3UJm5nP1kUbnYgLopqWNSRhWw==",
      "optional": true
    },
    "sntp": {
      "version": "1.0.9",
      "resolved": "http://10.97.113.14:4873/sntp/-/sntp-1.0.9.tgz",
      "integrity": "sha1-ZUEYTMkK7qbG57NeJlkIJEPGYZg="
    },
    "source-map": {
      "version": "0.2.0",
      "resolved": "http://10.97.113.14:4873/source-map/-/source-map-0.2.0.tgz",
      "integrity": "sha1-2rc/vPwrqBm03gO9b26qSBZLP50=",
      "optional": true
    },
    "sshpk": {
      "version": "1.13.1",
      "resolved": "http://10.97.113.14:4873/sshpk/-/sshpk-1.13.1.tgz",
      "integrity": "sha1-US322mKHFEMW3EwY/hzx2UBzm+M=",
      "dependencies": {
        "assert-plus": {
          "version": "1.0.0",
          "resolved": "http://10.97.113.14:4873/assert-plus/-/assert-plus-1.0.0.tgz",
          "integrity": "sha1-8S4PPF13sLHN2RRpQuTpbB5N1SU="
        }
      }
    },
    "string_decoder": {
      "version": "0.10.31",
      "resolved": "http://10.97.113.14:4873/string_decoder/-/string_decoder-0.10.31.tgz",
      "integrity": "sha1-YuIDvEF2bGwoyfyEMB2rHFMQ+pQ="
    },
    "stringstream": {
      "version": "0.0.5",
      "resolved": "http://10.97.113.14:4873/stringstream/-/stringstream-0.0.5.tgz",
      "integrity": "sha1-TkhM1N5aC7vuGORjB3EKioFiGHg="
    },
    "symbol-tree": {
      "version": "3.2.2",
      "resolved": "http://10.97.113.14:4873/symbol-tree/-/symbol-tree-3.2.2.tgz",
      "integrity": "sha1-rifbOPZgp64uHDt9G8KQgZuFGeY=",
      "optional": true
    },
    "tough-cookie": {
      "version": "2.3.2",
      "resolved": "http://10.97.113.14:4873/tough-cookie/-/tough-cookie-2.3.2.tgz",
      "integrity": "sha1-8IH3bkyFcg5sN6X6ztc3FQ2EByo="
    },
    "tr46": {
      "version": "0.0.3",
      "resolved": "http://10.97.113.14:4873/tr46/-/tr46-0.0.3.tgz",
      "integrity": "sha1-gYT9NH2snNwYWZLzpmIuFLnZq2o=",
      "optional": true
    },
    "tunnel-agent": {
      "version": "0.6.0",
      "resolved": "http://10.97.113.14:4873/tunnel-agent/-/tunnel-agent-0.6.0.tgz",
      "integrity": "sha1-J6XeoGs2sEoKmWZ3SykIaPD8QP0="
    },
    "tweetnacl": {
      "version": "0.14.5",
      "resolved": "http://10.97.113.14:4873/tweetnacl/-/tweetnacl-0.14.5.tgz",
      "integrity": "sha1-WuaBd/GS1EViadEIr6k/+HQ/T2Q=",
      "optional": true
    },
    "type-check": {
      "version": "0.3.2",
      "resolved": "http://10.97.113.14:4873/type-check/-/type-check-0.3.2.tgz",
      "integrity": "sha1-WITKtRLPHTVeP7eE8wgEsrUg23I="
    },
    "uuid": {
      "version": "3.1.0",
      "resolved": "http://10.97.113.14:4873/uuid/-/uuid-3.1.0.tgz",
      "integrity": "sha512-DIWtzUkw04M4k3bf1IcpS2tngXEL26YUD2M0tMDUpnUrz2hgzUBlD55a4FjdLGPvfHxS6uluGWvaVEqgBcVa+g=="
    },
    "verror": {
      "version": "1.10.0",
      "resolved": "http://10.97.113.14:4873/verror/-/verror-1.10.0.tgz",
      "integrity": "sha1-OhBcoXBTr1XW4nDB+CiGguGNpAA=",
      "dependencies": {
        "assert-plus": {
          "version": "1.0.0",
          "resolved": "http://10.97.113.14:4873/assert-plus/-/assert-plus-1.0.0.tgz",
          "integrity": "sha1-8S4PPF13sLHN2RRpQuTpbB5N1SU="
        }
      }
    },
    "webidl-conversions": {
      "version": "2.0.1",
      "resolved": "http://10.97.113.14:4873/webidl-conversions/-/webidl-conversions-2.0.1.tgz",
      "integrity": "sha1-O/glj30xjHRDw28uFpQCoaZwNQY=",
      "optional": true
    },
    "whatwg-url-compat": {
      "version": "0.6.5",
      "resolved": "http://10.97.113.14:4873/whatwg-url-compat/-/whatwg-url-compat-0.6.5.tgz",
      "integrity": "sha1-AImBEa9om7CXVBzVpFymyHmERb8=",
      "optional": true
    },
    "wordwrap": {
      "version": "1.0.0",
      "resolved": "http://10.97.113.14:4873/wordwrap/-/wordwrap-1.0.0.tgz",
      "integrity": "sha1-J1hIEIkUVqQXHI0CJkQa3pDLyus=",
      "optional": true
    },
    "xml-name-validator": {
      "version": "2.0.1",
      "resolved": "http://10.97.113.14:4873/xml-name-validator/-/xml-name-validator-2.0.1.tgz",
      "integrity": "sha1-TYuPHszTQZqjYgYb7O9RXh5VljU=",
      "optional": true
    }
  }
}
